# THIS IS AN AUTOGENERATED FILE. DO NOT EDIT THIS FILE DIRECTLY.
# yarn lockfile v1


minimist@0.0.8:
  version "0.0.8"
  resolved "https://registry.yarnpkg.com/minimist/-/minimist-0.0.8.tgz#857fcabfc3397d2625b8228262e86aa7a011b05d"
  integrity sha1-hX/Kv8M5fSYluCKCYuhqp6ARsF0=

mkdirp@0.5.x:
  version "0.5.1"
  resolved "https://registry.yarnpkg.com/mkdirp/-/mkdirp-0.5.1.tgz#30057438eac6cf7f8c4767f38648d6697d75c903"
  integrity sha1-MAV0OOrGz3+MR2fzhkjWaX11yQM=
  dependencies:
    minimist "0.0.8"

node-json-db@^1.0.1:
  version "1.0.1"
  resolved "https://registry.yarnpkg.com/node-json-db/-/node-json-db-1.0.1.tgz#1c0ca836337543ee902a88e2da01dd7d1c81d5ef"
  integrity sha512-b61bgnrAMX09SK9wrS5qrbjJG8EgttEB6ERNHQTFE2o7S40i4/eInS4Awe5rmFIxKZ2Wghm/xUEFiJvPKP0AtQ==
  dependencies:
    mkdirp "0.5.x"
